# This file is autogenerated, do not edit; changes may be undone by the next 'dep ensure'.


[[projects]]
  branch = "master"
  digest = "1:6da51e5ec493ad2b44cb04129e2d0a068c8fb9bd6cb5739d199573558696bb94"
  name = "github.com/Azure/go-ansiterm"
  packages = [
    ".",
    "winterm",
  ]
  pruneopts = "UT"
  revision = "d6e3b3328b783f23731bc4d058875b0371ff8109"

[[projects]]
  branch = "master"
  digest = "1:32768e4a0a82c61d17e2246bd0aa5c418f74e2bcb5d67f6de184e1dddb1f7f22"
  name = "github.com/UpCloudLtd/upcloud-go-api"
  packages = [
    "upcloud",
    "upcloud/client",
    "upcloud/request",
    "upcloud/service",
  ]
  pruneopts = "UT"
  revision = "e4a68026f2cfe625626effb96309888079516fdf"
  source = "github.com/UpCloudLtd/upcloud-go-api"

[[projects]]
  digest = "1:705c40022f5c03bf96ffeb6477858d88565064485a513abcd0f11a0911546cb6"
  name = "github.com/blang/semver"
  packages = ["."]
  pruneopts = "UT"
  revision = "2ee87856327ba09384cabd113bc6b5d174e9ec0f"
  version = "v3.5.1"

[[projects]]
  branch = "master"
  digest = "1:0a5fa93b3e08b6da0b1ac686a37d9c922c1dad983e08e6d3638fb02a54eae357"
  name = "github.com/docker/docker"
  packages = [
    "pkg/term",
    "pkg/term/windows",
  ]
  pruneopts = "UT"
  revision = "f7ec606fc1ce5d547662af485acd78eb732eedfe"

[[projects]]
  digest = "1:9377674d33e2408feb2a3566d5463b2d5f65b3cb0c939d6ae19ba37fe4d4d9cf"
  name = "github.com/docker/machine"
  packages = [
    "libmachine/drivers",
    "libmachine/drivers/plugin",
    "libmachine/drivers/plugin/localbinary",
    "libmachine/drivers/rpc",
    "libmachine/log",
    "libmachine/mcnflag",
    "libmachine/mcnutils",
    "libmachine/ssh",
    "libmachine/state",
    "libmachine/version",
    "version",
  ]
  pruneopts = "UT"
  revision = "cce350d75c529cf6e77328d9dd0477357e04a776"
  version = "v0.16.1"

[[projects]]
  digest = "1:af105c7c5dc0b4ae41991f122cae860b9600f7d226072c2a83127048c991660c"
  name = "github.com/hashicorp/go-cleanhttp"
  packages = ["."]
  pruneopts = "UT"
  revision = "eda1e5db218aad1db63ca4642c8906b26bcf2744"
  version = "v0.5.1"

[[projects]]
  digest = "1:31e761d97c76151dde79e9d28964a812c46efc5baee4085b86f68f0c654450de"
  name = "github.com/konsorten/go-windows-terminal-sequences"
  packages = ["."]
  pruneopts = "UT"
  revision = "f55edac94c9bbba5d6182a4be46d86a2c9b5b50e"
  version = "v1.0.2"

[[projects]]
  digest = "1:fd61cf4ae1953d55df708acb6b91492d538f49c305b364a014049914495db426"
  name = "github.com/sirupsen/logrus"
  packages = ["."]
  pruneopts = "UT"
  revision = "8bdbc7bcc01dcbb8ec23dc8a28e332258d25251f"
  version = "v1.4.1"

[[projects]]
  branch = "master"
  digest = "1:7d2f4682bbf020a09e42b95e3ab8ff8eaf1301ccd3184c98fb8baffd3cf02427"
  name = "golang.org/x/crypto"
  packages = [
    "curve25519",
    "ed25519",
    "ed25519/internal/edwards25519",
    "internal/chacha20",
    "internal/subtle",
    "poly1305",
    "ssh",
    "ssh/terminal",
  ]
  pruneopts = "UT"
  revision = "88737f569e3a9c7ab309cdc09a07fe7fc87233c3"

[[projects]]
  branch = "master"
  digest = "1:d0b38da2ee2333b658d6e96a4b37cf35f2402622eab3d06b766aa9d8cfa7d057"
  name = "golang.org/x/sys"
  packages = [
    "cpu",
    "unix",
    "windows",
  ]
  pruneopts = "UT"
  revision = "b44545bcd369ef9ff9bebcfebf5f3370ef9b1932"

[solve-meta]
  analyzer-name = "dep"
  analyzer-version = 1
  input-imports = [
    "github.com/UpCloudLtd/upcloud-go-api/upcloud",
    "github.com/UpCloudLtd/upcloud-go-api/upcloud/client",
    "github.com/UpCloudLtd/upcloud-go-api/upcloud/request",
    "github.com/UpCloudLtd/upcloud-go-api/upcloud/service",
    "github.com/docker/machine/libmachine/drivers",
    "github.com/docker/machine/libmachine/drivers/plugin",
    "github.com/docker/machine/libmachine/log",
    "github.com/docker/machine/libmachine/mcnflag",
    "github.com/docker/machine/libmachine/ssh",
    "github.com/docker/machine/libmachine/state",
  ]
  solver-name = "gps-cdcl"
  solver-version = 1
